
Microsoft Visual Studio Solution File, Format Version 12.00
# Visual Studio Version 16
VisualStudioVersion = 16.0.29411.108
MinimumVisualStudioVersion = 10.0.40219.1
Project("{9A19103F-16F7-4668-BE54-9A1E7A4F7556}") = "TaxiBotApp", "TaxiBotApp\TaxiBotApp.csproj", "{929C101A-74F1-4FF3-B697-008AB30E39DE}"
EndProject
Project("{9A19103F-16F7-4668-BE54-9A1E7A4F7556}") = "TaxiBotClassLibrary", "TaxiBotClassLibrary\TaxiBotClassLibrary.csproj", "{510231E9-14A7-4F29-965A-DA20774F0E41}"
EndProject
Project("{9A19103F-16F7-4668-BE54-9A1E7A4F7556}") = "Controller", "Controller\Controller.csproj", "{138B2341-4322-42AF-8E61-386F320721F5}"
EndProject
Project("{9A19103F-16F7-4668-BE54-9A1E7A4F7556}") = "DataBase", "DataBase\DataBase.csproj", "{7BA69DAC-CF9F-4C86-A1B1-747121DB3F0C}"
EndProject
Global
	GlobalSection(SolutionConfigurationPlatforms) = preSolution
		Debug|Any CPU = Debug|Any CPU
		Release|Any CPU = Release|Any CPU
	EndGlobalSection
	GlobalSection(ProjectConfigurationPlatforms) = postSolution
		{929C101A-74F1-4FF3-B697-008AB30E39DE}.Debug|Any CPU.ActiveCfg = Debug|Any CPU
		{929C101A-74F1-4FF3-B697-008AB30E39DE}.Debug|Any CPU.Build.0 = Debug|Any CPU
		{929C101A-74F1-4FF3-B697-008AB30E39DE}.Release|Any CPU.ActiveCfg = Release|Any CPU
		{929C101A-74F1-4FF3-B697-008AB30E39DE}.Release|Any CPU.Build.0 = Release|Any CPU
		{510231E9-14A7-4F29-965A-DA20774F0E41}.Debug|Any CPU.ActiveCfg = Debug|Any CPU
		{510231E9-14A7-4F29-965A-DA20774F0E41}.Debug|Any CPU.Build.0 = Debug|Any CPU
		{510231E9-14A7-4F29-965A-DA20774F0E41}.Release|Any CPU.ActiveCfg = Release|Any CPU
		{510231E9-14A7-4F29-965A-DA20774F0E41}.Release|Any CPU.Build.0 = Release|Any CPU
		{138B2341-4322-42AF-8E61-386F320721F5}.Debug|Any CPU.ActiveCfg = Debug|Any CPU
		{138B2341-4322-42AF-8E61-386F320721F5}.Debug|Any CPU.Build.0 = Debug|Any CPU
		{138B2341-4322-42AF-8E61-386F320721F5}.Release|Any CPU.ActiveCfg = Release|Any CPU
		{138B2341-4322-42AF-8E61-386F320721F5}.Release|Any CPU.Build.0 = Release|Any CPU
		{7BA69DAC-CF9F-4C86-A1B1-747121DB3F0C}.Debug|Any CPU.ActiveCfg = Debug|Any CPU
		{7BA69DAC-CF9F-4C86-A1B1-747121DB3F0C}.Debug|Any CPU.Build.0 = Debug|Any CPU
		{7BA69DAC-CF9F-4C86-A1B1-747121DB3F0C}.Release|Any CPU.ActiveCfg = Release|Any CPU
		{7BA69DAC-CF9F-4C86-A1B1-747121DB3F0C}.Release|Any CPU.Build.0 = Release|Any CPU
	EndGlobalSection
	GlobalSection(SolutionProperties) = preSolution
		HideSolutionNode = FALSE
	EndGlobalSection
	GlobalSection(ExtensibilityGlobals) = postSolution
		SolutionGuid = {E4C0F452-B8F4-490C-951C-334A0D59DFF8}
	EndGlobalSection
EndGlobal
